
Microsoft Visual Studio Solution File, Format Version 12.00
# Visual Studio Version 17
VisualStudioVersion = 17.3.32929.385
MinimumVisualStudioVersion = 10.0.40219.1
Project("{FAE04EC0-301F-11D3-BF4B-00C04F79EFBC}") = "BookStoreApp.API", "BookStoreApp.API\BookStoreApp.API.csproj", "{88B66002-DCFE-4491-B832-56DF8FFEFF2E}"
EndProject
Global
	GlobalSection(SolutionConfigurationPlatforms) = preSolution
		Debug|Any CPU = Debug|Any CPU
		Release|Any CPU = Release|Any CPU
	EndGlobalSection
	GlobalSection(ProjectConfigurationPlatforms) = postSolution
		{88B66002-DCFE-4491-B832-56DF8FFEFF2E}.Debug|Any CPU.ActiveCfg = Debug|Any CPU
		{88B66002-DCFE-4491-B832-56DF8FFEFF2E}.Debug|Any CPU.Build.0 = Debug|Any CPU
		{88B66002-DCFE-4491-B832-56DF8FFEFF2E}.Release|Any CPU.ActiveCfg = Release|Any CPU
		{88B66002-DCFE-4491-B832-56DF8FFEFF2E}.Release|Any CPU.Build.0 = Release|Any CPU
	EndGlobalSection
	GlobalSection(SolutionProperties) = preSolution
		HideSolutionNode = FALSE
	EndGlobalSection
	GlobalSection(ExtensibilityGlobals) = postSolution
		SolutionGuid = {E8B6A009-C879-4253-99B7-AE9CCF9C7A15}
	EndGlobalSection
EndGlobal
